// !$*UTF8*$!
{
	archiveVersion = 1;
	classes = {
	};
	objectVersion = 46;
	objects = {

/* Begin PBXBuildFile section */
		0C254FF1DA378BC6B6FC71F8 /* Pods_aynelgul_pset6UITests.framework in Frameworks */ = {isa = PBXBuildFile; fileRef = 3A63009FEA9E5FB1E3B6C3CE /* Pods_aynelgul_pset6UITests.framework */; };
		4BAB795F557C99B8E4205538 /* Pods_aynelgul_pset6Tests.framework in Frameworks */ = {isa = PBXBuildFile; fileRef = C6CBB5523187F2887961D7C3 /* Pods_aynelgul_pset6Tests.framework */; };
		7F77288385C63B81795DDD11 /* Pods_aynelgul_pset6.framework in Frameworks */ = {isa = PBXBuildFile; fileRef = 0B69AB338181E17C8212DFD5 /* Pods_aynelgul_pset6.framework */; };
		85A96DC71E033A6100595040 /* TipsCell.swift in Sources */ = {isa = PBXBuildFile; fileRef = 85A96DC61E033A6100595040 /* TipsCell.swift */; };
		85A96DCB1E0420FC00595040 /* review.md in Sources */ = {isa = PBXBuildFile; fileRef = 85A96DCA1E0420FC00595040 /* review.md */; };
		85A96DCD1E04335100595040 /* readme.md in Sources */ = {isa = PBXBuildFile; fileRef = 85A96DCC1E04335100595040 /* readme.md */; };
		85A96DD11E04956A00595040 /* SpecificTipViewController.swift in Sources */ = {isa = PBXBuildFile; fileRef = 85A96DD01E04956A00595040 /* SpecificTipViewController.swift */; };
		85D9885A1DF6F6CB00CACE84 /* AppDelegate.swift in Sources */ = {isa = PBXBuildFile; fileRef = 85D988591DF6F6CB00CACE84 /* AppDelegate.swift */; };
		85D9885F1DF6F6CB00CACE84 /* Main.storyboard in Resources */ = {isa = PBXBuildFile; fileRef = 85D9885D1DF6F6CB00CACE84 /* Main.storyboard */; };
		85D988611DF6F6CC00CACE84 /* Assets.xcassets in Resources */ = {isa = PBXBuildFile; fileRef = 85D988601DF6F6CC00CACE84 /* Assets.xcassets */; };
		85D988641DF6F6CC00CACE84 /* LaunchScreen.storyboard in Resources */ = {isa = PBXBuildFile; fileRef = 85D988621DF6F6CC00CACE84 /* LaunchScreen.storyboard */; };
		85D9886F1DF6F6CC00CACE84 /* aynelgul_pset6Tests.swift in Sources */ = {isa = PBXBuildFile; fileRef = 85D9886E1DF6F6CC00CACE84 /* aynelgul_pset6Tests.swift */; };
		85D9887A1DF6F6CC00CACE84 /* aynelgul_pset6UITests.swift in Sources */ = {isa = PBXBuildFile; fileRef = 85D988791DF6F6CC00CACE84 /* aynelgul_pset6UITests.swift */; };
		85D988881DF7284000CACE84 /* MenuViewController.swift in Sources */ = {isa = PBXBuildFile; fileRef = 85D988871DF7283F00CACE84 /* MenuViewController.swift */; };
		85D9888A1DF73F9600CACE84 /* LoginViewController.swift in Sources */ = {isa = PBXBuildFile; fileRef = 85D988891DF73F9600CACE84 /* LoginViewController.swift */; };
		85D9888F1DF74C0D00CACE84 /* TipsViewController.swift in Sources */ = {isa = PBXBuildFile; fileRef = 85D9888E1DF74C0D00CACE84 /* TipsViewController.swift */; };
		85D988911DF74E8A00CACE84 /* SpecificTravelViewController.swift in Sources */ = {isa = PBXBuildFile; fileRef = 85D988901DF74E8A00CACE84 /* SpecificTravelViewController.swift */; };
		85D988991DF8CD0100CACE84 /* User.swift in Sources */ = {isa = PBXBuildFile; fileRef = 85D988981DF8CD0100CACE84 /* User.swift */; };
		85D9889A1DF8CD0100CACE84 /* User.swift in Sources */ = {isa = PBXBuildFile; fileRef = 85D988981DF8CD0100CACE84 /* User.swift */; };
		85D9889B1DF8CD0100CACE84 /* User.swift in Sources */ = {isa = PBXBuildFile; fileRef = 85D988981DF8CD0100CACE84 /* User.swift */; };
		85D9889D1DF8CD2800CACE84 /* TravelItem.swift in Sources */ = {isa = PBXBuildFile; fileRef = 85D9889C1DF8CD2800CACE84 /* TravelItem.swift */; };
		85D9889E1DF8CD2800CACE84 /* TravelItem.swift in Sources */ = {isa = PBXBuildFile; fileRef = 85D9889C1DF8CD2800CACE84 /* TravelItem.swift */; };
		85D9889F1DF8CD2800CACE84 /* TravelItem.swift in Sources */ = {isa = PBXBuildFile; fileRef = 85D9889C1DF8CD2800CACE84 /* TravelItem.swift */; };
		85D988A31DFAD07000CACE84 /* GoogleService-Info.plist in Resources */ = {isa = PBXBuildFile; fileRef = 85D988A21DFAD07000CACE84 /* GoogleService-Info.plist */; };
		85D988A41DFAD07000CACE84 /* GoogleService-Info.plist in Resources */ = {isa = PBXBuildFile; fileRef = 85D988A21DFAD07000CACE84 /* GoogleService-Info.plist */; };
		85D988A51DFAD07000CACE84 /* GoogleService-Info.plist in Resources */ = {isa = PBXBuildFile; fileRef = 85D988A21DFAD07000CACE84 /* GoogleService-Info.plist */; };
		85D988AB1DFB66A800CACE84 /* UserTravelsCell.swift in Sources */ = {isa = PBXBuildFile; fileRef = 85D988AA1DFB66A800CACE84 /* UserTravelsCell.swift */; };
		85D988AC1DFB66A800CACE84 /* UserTravelsCell.swift in Sources */ = {isa = PBXBuildFile; fileRef = 85D988AA1DFB66A800CACE84 /* UserTravelsCell.swift */; };
		85D988AD1DFB66A800CACE84 /* UserTravelsCell.swift in Sources */ = {isa = PBXBuildFile; fileRef = 85D988AA1DFB66A800CACE84 /* UserTravelsCell.swift */; };
		85D988AF1DFB70DC00CACE84 /* TravelsViewController.swift in Sources */ = {isa = PBXBuildFile; fileRef = 85D988AE1DFB70DC00CACE84 /* TravelsViewController.swift */; };
		85D988B01DFB70DC00CACE84 /* TravelsViewController.swift in Sources */ = {isa = PBXBuildFile; fileRef = 85D988AE1DFB70DC00CACE84 /* TravelsViewController.swift */; };
		85D988B11DFB70DC00CACE84 /* TravelsViewController.swift in Sources */ = {isa = PBXBuildFile; fileRef = 85D988AE1DFB70DC00CACE84 /* TravelsViewController.swift */; };
/* End PBXBuildFile section */

/* Begin PBXContainerItemProxy section */
		85D9886B1DF6F6CC00CACE84 /* PBXContainerItemProxy */ = {
			isa = PBXContainerItemProxy;
			containerPortal = 85D9884E1DF6F6C600CACE84 /* Project object */;
			proxyType = 1;
			remoteGlobalIDString = 85D988551DF6F6C700CACE84;
			remoteInfo = "aynelgul-pset6";
		};
		85D988761DF6F6CC00CACE84 /* PBXContainerItemProxy */ = {
			isa = PBXContainerItemProxy;
			containerPortal = 85D9884E1DF6F6C600CACE84 /* Project object */;
			proxyType = 1;
			remoteGlobalIDString = 85D988551DF6F6C700CACE84;
			remoteInfo = "aynelgul-pset6";
		};
/* End PBXContainerItemProxy section */

/* Begin PBXFileReference section */
		0B69AB338181E17C8212DFD5 /* Pods_aynelgul_pset6.framework */ = {isa = PBXFileReference; explicitFileType = wrapper.framework; includeInIndex = 0; path = Pods_aynelgul_pset6.framework; sourceTree = BUILT_PRODUCTS_DIR; };
		0D4E5BE25967C8A08B1AB3E5 /* Pods-aynelgul-pset6Tests.release.xcconfig */ = {isa = PBXFileReference; includeInIndex = 1; lastKnownFileType = text.xcconfig; name = "Pods-aynelgul-pset6Tests.release.xcconfig"; path = "Pods/Target Support Files/Pods-aynelgul-pset6Tests/Pods-aynelgul-pset6Tests.release.xcconfig"; sourceTree = "<group>"; };
		3A63009FEA9E5FB1E3B6C3CE /* Pods_aynelgul_pset6UITests.framework */ = {isa = PBXFileReference; explicitFileType = wrapper.framework; includeInIndex = 0; path = Pods_aynelgul_pset6UITests.framework; sourceTree = BUILT_PRODUCTS_DIR; };
		66E3D6C8EF7B8B43AF0508FC /* Pods-aynelgul-pset6Tests.debug.xcconfig */ = {isa = PBXFileReference; includeInIndex = 1; lastKnownFileType = text.xcconfig; name = "Pods-aynelgul-pset6Tests.debug.xcconfig"; path = "Pods/Target Support Files/Pods-aynelgul-pset6Tests/Pods-aynelgul-pset6Tests.debug.xcconfig"; sourceTree = "<group>"; };
		6F83C205BE4C5CD985C55B19 /* Pods-aynelgul-pset6UITests.release.xcconfig */ = {isa = PBXFileReference; includeInIndex = 1; lastKnownFileType = text.xcconfig; name = "Pods-aynelgul-pset6UITests.release.xcconfig"; path = "Pods/Target Support Files/Pods-aynelgul-pset6UITests/Pods-aynelgul-pset6UITests.release.xcconfig"; sourceTree = "<group>"; };
		85A96DC61E033A6100595040 /* TipsCell.swift */ = {isa = PBXFileReference; fileEncoding = 4; lastKnownFileType = sourcecode.swift; path = TipsCell.swift; sourceTree = "<group>"; };
		85A96DCA1E0420FC00595040 /* review.md */ = {isa = PBXFileReference; fileEncoding = 4; lastKnownFileType = net.daringfireball.markdown; path = review.md; sourceTree = "<group>"; };
		85A96DCC1E04335100595040 /* readme.md */ = {isa = PBXFileReference; fileEncoding = 4; lastKnownFileType = net.daringfireball.markdown; path = readme.md; sourceTree = "<group>"; };
		85A96DD01E04956A00595040 /* SpecificTipViewController.swift */ = {isa = PBXFileReference; fileEncoding = 4; lastKnownFileType = sourcecode.swift; path = SpecificTipViewController.swift; sourceTree = "<group>"; };
		85D988561DF6F6CA00CACE84 /* aynelgul-pset6.app */ = {isa = PBXFileReference; explicitFileType = wrapper.application; includeInIndex = 0; path = "aynelgul-pset6.app"; sourceTree = BUILT_PRODUCTS_DIR; };
		85D988591DF6F6CB00CACE84 /* AppDelegate.swift */ = {isa = PBXFileReference; lastKnownFileType = sourcecode.swift; path = AppDelegate.swift; sourceTree = "<group>"; };
		85D9885E1DF6F6CB00CACE84 /* Base */ = {isa = PBXFileReference; lastKnownFileType = file.storyboard; name = Base; path = Base.lproj/Main.storyboard; sourceTree = "<group>"; };
		85D988601DF6F6CC00CACE84 /* Assets.xcassets */ = {isa = PBXFileReference; lastKnownFileType = folder.assetcatalog; path = Assets.xcassets; sourceTree = "<group>"; };
		85D988631DF6F6CC00CACE84 /* Base */ = {isa = PBXFileReference; lastKnownFileType = file.storyboard; name = Base; path = Base.lproj/LaunchScreen.storyboard; sourceTree = "<group>"; };
		85D988651DF6F6CC00CACE84 /* Info.plist */ = {isa = PBXFileReference; lastKnownFileType = text.plist.xml; path = Info.plist; sourceTree = "<group>"; };
		85D9886A1DF6F6CC00CACE84 /* aynelgul-pset6Tests.xctest */ = {isa = PBXFileReference; explicitFileType = wrapper.cfbundle; includeInIndex = 0; path = "aynelgul-pset6Tests.xctest"; sourceTree = BUILT_PRODUCTS_DIR; };
		85D9886E1DF6F6CC00CACE84 /* aynelgul_pset6Tests.swift */ = {isa = PBXFileReference; lastKnownFileType = sourcecode.swift; path = aynelgul_pset6Tests.swift; sourceTree = "<group>"; };
		85D988701DF6F6CC00CACE84 /* Info.plist */ = {isa = PBXFileReference; lastKnownFileType = text.plist.xml; path = Info.plist; sourceTree = "<group>"; };
		85D988751DF6F6CC00CACE84 /* aynelgul-pset6UITests.xctest */ = {isa = PBXFileReference; explicitFileType = wrapper.cfbundle; includeInIndex = 0; path = "aynelgul-pset6UITests.xctest"; sourceTree = BUILT_PRODUCTS_DIR; };
		85D988791DF6F6CC00CACE84 /* aynelgul_pset6UITests.swift */ = {isa = PBXFileReference; lastKnownFileType = sourcecode.swift; path = aynelgul_pset6UITests.swift; sourceTree = "<group>"; };
		85D9887B1DF6F6CC00CACE84 /* Info.plist */ = {isa = PBXFileReference; lastKnownFileType = text.plist.xml; path = Info.plist; sourceTree = "<group>"; };
		85D988871DF7283F00CACE84 /* MenuViewController.swift */ = {isa = PBXFileReference; fileEncoding = 4; lastKnownFileType = sourcecode.swift; path = MenuViewController.swift; sourceTree = "<group>"; };
		85D988891DF73F9600CACE84 /* LoginViewController.swift */ = {isa = PBXFileReference; fileEncoding = 4; lastKnownFileType = sourcecode.swift; path = LoginViewController.swift; sourceTree = "<group>"; };
		85D9888E1DF74C0D00CACE84 /* TipsViewController.swift */ = {isa = PBXFileReference; fileEncoding = 4; lastKnownFileType = sourcecode.swift; path = TipsViewController.swift; sourceTree = "<group>"; };
		85D988901DF74E8A00CACE84 /* SpecificTravelViewController.swift */ = {isa = PBXFileReference; fileEncoding = 4; lastKnownFileType = sourcecode.swift; path = SpecificTravelViewController.swift; sourceTree = "<group>"; };
		85D988981DF8CD0100CACE84 /* User.swift */ = {isa = PBXFileReference; fileEncoding = 4; lastKnownFileType = sourcecode.swift; path = User.swift; sourceTree = "<group>"; };
		85D9889C1DF8CD2800CACE84 /* TravelItem.swift */ = {isa = PBXFileReference; fileEncoding = 4; lastKnownFileType = sourcecode.swift; path = TravelItem.swift; sourceTree = "<group>"; };
		85D988A11DFA0F1B00CACE84 /* aynelgul-pset6.entitlements */ = {isa = PBXFileReference; lastKnownFileType = text.plist.entitlements; path = "aynelgul-pset6.entitlements"; sourceTree = "<group>"; };
		85D988A21DFAD07000CACE84 /* GoogleService-Info.plist */ = {isa = PBXFileReference; fileEncoding = 4; lastKnownFileType = text.plist.xml; path = "GoogleService-Info.plist"; sourceTree = "<group>"; };
		85D988AA1DFB66A800CACE84 /* UserTravelsCell.swift */ = {isa = PBXFileReference; fileEncoding = 4; lastKnownFileType = sourcecode.swift; path = UserTravelsCell.swift; sourceTree = "<group>"; };
		85D988AE1DFB70DC00CACE84 /* TravelsViewController.swift */ = {isa = PBXFileReference; fileEncoding = 4; lastKnownFileType = sourcecode.swift; path = TravelsViewController.swift; sourceTree = "<group>"; };
		AC5A69F0F3FC24F809D46CD8 /* Pods-aynelgul-pset6UITests.debug.xcconfig */ = {isa = PBXFileReference; includeInIndex = 1; lastKnownFileType = text.xcconfig; name = "Pods-aynelgul-pset6UITests.debug.xcconfig"; path = "Pods/Target Support Files/Pods-aynelgul-pset6UITests/Pods-aynelgul-pset6UITests.debug.xcconfig"; sourceTree = "<group>"; };
		B966D79BC19F4D81C4538E63 /* Pods-aynelgul-pset6.debug.xcconfig */ = {isa = PBXFileReference; includeInIndex = 1; lastKnownFileType = text.xcconfig; name = "Pods-aynelgul-pset6.debug.xcconfig"; path = "Pods/Target Support Files/Pods-aynelgul-pset6/Pods-aynelgul-pset6.debug.xcconfig"; sourceTree = "<group>"; };
		C6CBB5523187F2887961D7C3 /* Pods_aynelgul_pset6Tests.framework */ = {isa = PBXFileReference; explicitFileType = wrapper.framework; includeInIndex = 0; path = Pods_aynelgul_pset6Tests.framework; sourceTree = BUILT_PRODUCTS_DIR; };
		CF5D1AAD9A9B845D3ED173CE /* Pods-aynelgul-pset6.release.xcconfig */ = {isa = PBXFileReference; includeInIndex = 1; lastKnownFileType = text.xcconfig; name = "Pods-aynelgul-pset6.release.xcconfig"; path = "Pods/Target Support Files/Pods-aynelgul-pset6/Pods-aynelgul-pset6.release.xcconfig"; sourceTree = "<group>"; };
/* End PBXFileReference section */

/* Begin PBXFrameworksBuildPhase section */
		85D988531DF6F6C700CACE84 /* Frameworks */ = {
			isa = PBXFrameworksBuildPhase;
			buildActionMask = 2147483647;
			files = (
				7F77288385C63B81795DDD11 /* Pods_aynelgul_pset6.framework in Frameworks */,
			);
			runOnlyForDeploymentPostprocessing = 0;
		};
		85D988671DF6F6CC00CACE84 /* Frameworks */ = {
			isa = PBXFrameworksBuildPhase;
			buildActionMask = 2147483647;
			files = (
				4BAB795F557C99B8E4205538 /* Pods_aynelgul_pset6Tests.framework in Frameworks */,
			);
			runOnlyForDeploymentPostprocessing = 0;
		};
		85D988721DF6F6CC00CACE84 /* Frameworks */ = {
			isa = PBXFrameworksBuildPhase;
			buildActionMask = 2147483647;
			files = (
				0C254FF1DA378BC6B6FC71F8 /* Pods_aynelgul_pset6UITests.framework in Frameworks */,
			);
			runOnlyForDeploymentPostprocessing = 0;
		};
/* End PBXFrameworksBuildPhase section */

/* Begin PBXGroup section */
		3B04344ECFBB6AFB12535010 /* Frameworks */ = {
			isa = PBXGroup;
			children = (
				0B69AB338181E17C8212DFD5 /* Pods_aynelgul_pset6.framework */,
				C6CBB5523187F2887961D7C3 /* Pods_aynelgul_pset6Tests.framework */,
				3A63009FEA9E5FB1E3B6C3CE /* Pods_aynelgul_pset6UITests.framework */,
			);
			name = Frameworks;
			sourceTree = "<group>";
		};
		69009C196379864ADCF09190 /* Pods */ = {
			isa = PBXGroup;
			children = (
				B966D79BC19F4D81C4538E63 /* Pods-aynelgul-pset6.debug.xcconfig */,
				CF5D1AAD9A9B845D3ED173CE /* Pods-aynelgul-pset6.release.xcconfig */,
				66E3D6C8EF7B8B43AF0508FC /* Pods-aynelgul-pset6Tests.debug.xcconfig */,
				0D4E5BE25967C8A08B1AB3E5 /* Pods-aynelgul-pset6Tests.release.xcconfig */,
				AC5A69F0F3FC24F809D46CD8 /* Pods-aynelgul-pset6UITests.debug.xcconfig */,
				6F83C205BE4C5CD985C55B19 /* Pods-aynelgul-pset6UITests.release.xcconfig */,
			);
			name = Pods;
			sourceTree = "<group>";
		};
		85A96DCF1E0433A300595040 /* Other */ = {
			isa = PBXGroup;
			children = (
				85D988591DF6F6CB00CACE84 /* AppDelegate.swift */,
				85D988A11DFA0F1B00CACE84 /* aynelgul-pset6.entitlements */,
				85A96DCA1E0420FC00595040 /* review.md */,
				85A96DCC1E04335100595040 /* readme.md */,
				85D988A21DFAD07000CACE84 /* GoogleService-Info.plist */,
				85D988651DF6F6CC00CACE84 /* Info.plist */,
			);
			name = Other;
			sourceTree = "<group>";
		};
		85D9884D1DF6F6C600CACE84 = {
			isa = PBXGroup;
			children = (
				85D988581DF6F6CA00CACE84 /* aynelgul-pset6 */,
				85D9886D1DF6F6CC00CACE84 /* aynelgul-pset6Tests */,
				85D988781DF6F6CC00CACE84 /* aynelgul-pset6UITests */,
				85D988571DF6F6CA00CACE84 /* Products */,
				69009C196379864ADCF09190 /* Pods */,
				3B04344ECFBB6AFB12535010 /* Frameworks */,
			);
			sourceTree = "<group>";
		};
		85D988571DF6F6CA00CACE84 /* Products */ = {
			isa = PBXGroup;
			children = (
				85D988561DF6F6CA00CACE84 /* aynelgul-pset6.app */,
				85D9886A1DF6F6CC00CACE84 /* aynelgul-pset6Tests.xctest */,
				85D988751DF6F6CC00CACE84 /* aynelgul-pset6UITests.xctest */,
			);
			name = Products;
			sourceTree = "<group>";
		};
		85D988581DF6F6CA00CACE84 /* aynelgul-pset6 */ = {
			isa = PBXGroup;
			children = (
				85D988A01DF9A4F000CACE84 /* Layout */,
				85D988971DF8CC2D00CACE84 /* Models */,
				85D9888B1DF747FC00CACE84 /* Controllers */,
				85A96DCF1E0433A300595040 /* Other */,
				85D988601DF6F6CC00CACE84 /* Assets.xcassets */,
			);
			path = "aynelgul-pset6";
			sourceTree = "<group>";
		};
		85D9886D1DF6F6CC00CACE84 /* aynelgul-pset6Tests */ = {
			isa = PBXGroup;
			children = (
				85D9886E1DF6F6CC00CACE84 /* aynelgul_pset6Tests.swift */,
				85D988701DF6F6CC00CACE84 /* Info.plist */,
			);
			path = "aynelgul-pset6Tests";
			sourceTree = "<group>";
		};
		85D988781DF6F6CC00CACE84 /* aynelgul-pset6UITests */ = {
			isa = PBXGroup;
			children = (
				85D988791DF6F6CC00CACE84 /* aynelgul_pset6UITests.swift */,
				85D9887B1DF6F6CC00CACE84 /* Info.plist */,
			);
			path = "aynelgul-pset6UITests";
			sourceTree = "<group>";
		};
		85D9888B1DF747FC00CACE84 /* Controllers */ = {
			isa = PBXGroup;
			children = (
				85D988891DF73F9600CACE84 /* LoginViewController.swift */,
				85D988871DF7283F00CACE84 /* MenuViewController.swift */,
				85D988AE1DFB70DC00CACE84 /* TravelsViewController.swift */,
				85D988AA1DFB66A800CACE84 /* UserTravelsCell.swift */,
				85D988901DF74E8A00CACE84 /* SpecificTravelViewController.swift */,
				85D9888E1DF74C0D00CACE84 /* TipsViewController.swift */,
				85A96DD01E04956A00595040 /* SpecificTipViewController.swift */,
				85A96DC61E033A6100595040 /* TipsCell.swift */,
			);
			name = Controllers;
			sourceTree = "<group>";
		};
		85D988971DF8CC2D00CACE84 /* Models */ = {
			isa = PBXGroup;
			children = (
				85D988981DF8CD0100CACE84 /* User.swift */,
				85D9889C1DF8CD2800CACE84 /* TravelItem.swift */,
			);
			name = Models;
			sourceTree = "<group>";
		};
		85D988A01DF9A4F000CACE84 /* Layout */ = {
			isa = PBXGroup;
			children = (
				85D9885D1DF6F6CB00CACE84 /* Main.storyboard */,
				85D988621DF6F6CC00CACE84 /* LaunchScreen.storyboard */,
			);
			name = Layout;
			sourceTree = "<group>";
		};
/* End PBXGroup section */

/* Begin PBXNativeTarget section */
		85D988551DF6F6C700CACE84 /* aynelgul-pset6 */ = {
			isa = PBXNativeTarget;
			buildConfigurationList = 85D9887E1DF6F6CC00CACE84 /* Build configuration list for PBXNativeTarget "aynelgul-pset6" */;
			buildPhases = (
				C3F37613A9A2E1ECB87653F8 /* 📦 Check Pods Manifest.lock */,
				85D988521DF6F6C700CACE84 /* Sources */,
				85D988531DF6F6C700CACE84 /* Frameworks */,
				85D988541DF6F6C700CACE84 /* Resources */,
				D41B556D8BBD94E1D630003D /* 📦 Embed Pods Frameworks */,
				72D9D059DE6C8FB352D81341 /* 📦 Copy Pods Resources */,
			);
			buildRules = (
			);
			dependencies = (
			);
			name = "aynelgul-pset6";
			productName = "aynelgul-pset6";
			productReference = 85D988561DF6F6CA00CACE84 /* aynelgul-pset6.app */;
			productType = "com.apple.product-type.application";
		};
		85D988691DF6F6CC00CACE84 /* aynelgul-pset6Tests */ = {
			isa = PBXNativeTarget;
			buildConfigurationList = 85D988811DF6F6CC00CACE84 /* Build configuration list for PBXNativeTarget "aynelgul-pset6Tests" */;
			buildPhases = (
				5708DB7D940C45236A6039D3 /* 📦 Check Pods Manifest.lock */,
				85D988661DF6F6CC00CACE84 /* Sources */,
				85D988671DF6F6CC00CACE84 /* Frameworks */,
				85D988681DF6F6CC00CACE84 /* Resources */,
				79E74DBA985537C7FB607222 /* 📦 Embed Pods Frameworks */,
				74A26FFE9F40D4D7CD236151 /* 📦 Copy Pods Resources */,
			);
			buildRules = (
			);
			dependencies = (
				85D9886C1DF6F6CC00CACE84 /* PBXTargetDependency */,
			);
			name = "aynelgul-pset6Tests";
			productName = "aynelgul-pset6Tests";
			productReference = 85D9886A1DF6F6CC00CACE84 /* aynelgul-pset6Tests.xctest */;
			productType = "com.apple.product-type.bundle.unit-test";
		};
		85D988741DF6F6CC00CACE84 /* aynelgul-pset6UITests */ = {
			isa = PBXNativeTarget;
			buildConfigurationList = 85D988841DF6F6CC00CACE84 /* Build configuration list for PBXNativeTarget "aynelgul-pset6UITests" */;
			buildPhases = (
				7A305D086DCB04E1850E82FE /* 📦 Check Pods Manifest.lock */,
				85D988711DF6F6CC00CACE84 /* Sources */,
				85D988721DF6F6CC00CACE84 /* Frameworks */,
				85D988731DF6F6CC00CACE84 /* Resources */,
				AD0217D816950C099FBDDBDB /* 📦 Copy Pods Resources */,
			);
			buildRules = (
			);
			dependencies = (
				85D988771DF6F6CC00CACE84 /* PBXTargetDependency */,
			);
			name = "aynelgul-pset6UITests";
			productName = "aynelgul-pset6UITests";
			productReference = 85D988751DF6F6CC00CACE84 /* aynelgul-pset6UITests.xctest */;
			productType = "com.apple.product-type.bundle.ui-testing";
		};
/* End PBXNativeTarget section */

/* Begin PBXProject section */
		85D9884E1DF6F6C600CACE84 /* Project object */ = {
			isa = PBXProject;
			attributes = {
				LastSwiftUpdateCheck = 0810;
				LastUpgradeCheck = 0810;
				ORGANIZATIONNAME = "Aynel Gül";
				TargetAttributes = {
					85D988551DF6F6C700CACE84 = {
						CreatedOnToolsVersion = 8.1;
						DevelopmentTeam = 372D866T32;
						ProvisioningStyle = Automatic;
						SystemCapabilities = {
							com.apple.Keychain = {
								enabled = 1;
							};
						};
					};
					85D988691DF6F6CC00CACE84 = {
						CreatedOnToolsVersion = 8.1;
						DevelopmentTeam = 372D866T32;
						ProvisioningStyle = Automatic;
						TestTargetID = 85D988551DF6F6C700CACE84;
					};
					85D988741DF6F6CC00CACE84 = {
						CreatedOnToolsVersion = 8.1;
						DevelopmentTeam = 372D866T32;
						ProvisioningStyle = Automatic;
						TestTargetID = 85D988551DF6F6C700CACE84;
					};
				};
			};
			buildConfigurationList = 85D988511DF6F6C600CACE84 /* Build configuration list for PBXProject "aynelgul-pset6" */;
			compatibilityVersion = "Xcode 3.2";
			developmentRegion = English;
			hasScannedForEncodings = 0;
			knownRegions = (
				en,
				Base,
			);
			mainGroup = 85D9884D1DF6F6C600CACE84;
			productRefGroup = 85D988571DF6F6CA00CACE84 /* Products */;
			projectDirPath = "";
			projectRoot = "";
			targets = (
				85D988551DF6F6C700CACE84 /* aynelgul-pset6 */,
				85D988691DF6F6CC00CACE84 /* aynelgul-pset6Tests */,
				85D988741DF6F6CC00CACE84 /* aynelgul-pset6UITests */,
			);
		};
/* End PBXProject section */

/* Begin PBXResourcesBuildPhase section */
		85D988541DF6F6C700CACE84 /* Resources */ = {
			isa = PBXResourcesBuildPhase;
			buildActionMask = 2147483647;
			files = (
				85D988641DF6F6CC00CACE84 /* LaunchScreen.storyboard in Resources */,
				85D988611DF6F6CC00CACE84 /* Assets.xcassets in Resources */,
				85D988A31DFAD07000CACE84 /* GoogleService-Info.plist in Resources */,
				85D9885F1DF6F6CB00CACE84 /* Main.storyboard in Resources */,
			);
			runOnlyForDeploymentPostprocessing = 0;
		};
		85D988681DF6F6CC00CACE84 /* Resources */ = {
			isa = PBXResourcesBuildPhase;
			buildActionMask = 2147483647;
			files = (
				85D988A41DFAD07000CACE84 /* GoogleService-Info.plist in Resources */,
			);
			runOnlyForDeploymentPostprocessing = 0;
		};
		85D988731DF6F6CC00CACE84 /* Resources */ = {
			isa = PBXResourcesBuildPhase;
			buildActionMask = 2147483647;
			files = (
				85D988A51DFAD07000CACE84 /* GoogleService-Info.plist in Resources */,
			);
			runOnlyForDeploymentPostprocessing = 0;
		};
/* End PBXResourcesBuildPhase section */

/* Begin PBXShellScriptBuildPhase section */
		5708DB7D940C45236A6039D3 /* 📦 Check Pods Manifest.lock */ = {
			isa = PBXShellScriptBuildPhase;
			buildActionMask = 2147483647;
			files = (
			);
			inputPaths = (
			);
			name = "📦 Check Pods Manifest.lock";
			outputPaths = (
			);
			runOnlyForDeploymentPostprocessing = 0;
			shellPath = /bin/sh;
			shellScript = "diff \"${PODS_ROOT}/../Podfile.lock\" \"${PODS_ROOT}/Manifest.lock\" > /dev/null\nif [[ $? != 0 ]] ; then\n    cat << EOM\nerror: The sandbox is not in sync with the Podfile.lock. Run 'pod install' or update your CocoaPods installation.\nEOM\n    exit 1\nfi\n";
			showEnvVarsInLog = 0;
		};
		72D9D059DE6C8FB352D81341 /* 📦 Copy Pods Resources */ = {
			isa = PBXShellScriptBuildPhase;
			buildActionMask = 2147483647;
			files = (
			);
			inputPaths = (
			);
			name = "📦 Copy Pods Resources";
			outputPaths = (
			);
			runOnlyForDeploymentPostprocessing = 0;
			shellPath = /bin/sh;
			shellScript = "\"${SRCROOT}/Pods/Target Support Files/Pods-aynelgul-pset6/Pods-aynelgul-pset6-resources.sh\"\n";
			showEnvVarsInLog = 0;
		};
		74A26FFE9F40D4D7CD236151 /* 📦 Copy Pods Resources */ = {
			isa = PBXShellScriptBuildPhase;
			buildActionMask = 2147483647;
			files = (
			);
			inputPaths = (
			);
			name = "📦 Copy Pods Resources";
			outputPaths = (
			);
			runOnlyForDeploymentPostprocessing = 0;
			shellPath = /bin/sh;
			shellScript = "\"${SRCROOT}/Pods/Target Support Files/Pods-aynelgul-pset6Tests/Pods-aynelgul-pset6Tests-resources.sh\"\n";
			showEnvVarsInLog = 0;
		};
		79E74DBA985537C7FB607222 /* 📦 Embed Pods Frameworks */ = {
			isa = PBXShellScriptBuildPhase;
			buildActionMask = 2147483647;
			files = (
			);
			inputPaths = (
			);
			name = "📦 Embed Pods Frameworks";
			outputPaths = (
			);
			runOnlyForDeploymentPostprocessing = 0;
			shellPath = /bin/sh;
			shellScript = "\"${SRCROOT}/Pods/Target Support Files/Pods-aynelgul-pset6Tests/Pods-aynelgul-pset6Tests-frameworks.sh\"\n";
			showEnvVarsInLog = 0;
		};
		7A305D086DCB04E1850E82FE /* 📦 Check Pods Manifest.lock */ = {
			isa = PBXShellScriptBuildPhase;
			buildActionMask = 2147483647;
			files = (
			);
			inputPaths = (
			);
			name = "📦 Check Pods Manifest.lock";
			outputPaths = (
			);
			runOnlyForDeploymentPostprocessing = 0;
			shellPath = /bin/sh;
			shellScript = "diff \"${PODS_ROOT}/../Podfile.lock\" \"${PODS_ROOT}/Manifest.lock\" > /dev/null\nif [[ $? != 0 ]] ; then\n    cat << EOM\nerror: The sandbox is not in sync with the Podfile.lock. Run 'pod install' or update your CocoaPods installation.\nEOM\n    exit 1\nfi\n";
			showEnvVarsInLog = 0;
		};
		AD0217D816950C099FBDDBDB /* 📦 Copy Pods Resources */ = {
			isa = PBXShellScriptBuildPhase;
			buildActionMask = 2147483647;
			files = (
			);
			inputPaths = (
			);
			name = "📦 Copy Pods Resources";
			outputPaths = (
			);
			runOnlyForDeploymentPostprocessing = 0;
			shellPath = /bin/sh;
			shellScript = "\"${SRCROOT}/Pods/Target Support Files/Pods-aynelgul-pset6UITests/Pods-aynelgul-pset6UITests-resources.sh\"\n";
			showEnvVarsInLog = 0;
		};
		C3F37613A9A2E1ECB87653F8 /* 📦 Check Pods Manifest.lock */ = {
			isa = PBXShellScriptBuildPhase;
			buildActionMask = 2147483647;
			files = (
			);
			inputPaths = (
			);
			name = "📦 Check Pods Manifest.lock";
			outputPaths = (
			);
			runOnlyForDeploymentPostprocessing = 0;
			shellPath = /bin/sh;
			shellScript = "diff \"${PODS_ROOT}/../Podfile.lock\" \"${PODS_ROOT}/Manifest.lock\" > /dev/null\nif [[ $? != 0 ]] ; then\n    cat << EOM\nerror: The sandbox is not in sync with the Podfile.lock. Run 'pod install' or update your CocoaPods installation.\nEOM\n    exit 1\nfi\n";
			showEnvVarsInLog = 0;
		};
		D41B556D8BBD94E1D630003D /* 📦 Embed Pods Frameworks */ = {
			isa = PBXShellScriptBuildPhase;
			buildActionMask = 2147483647;
			files = (
			);
			inputPaths = (
			);
			name = "📦 Embed Pods Frameworks";
			outputPaths = (
			);
			runOnlyForDeploymentPostprocessing = 0;
			shellPath = /bin/sh;
			shellScript = "\"${SRCROOT}/Pods/Target Support Files/Pods-aynelgul-pset6/Pods-aynelgul-pset6-frameworks.sh\"\n";
			showEnvVarsInLog = 0;
		};
/* End PBXShellScriptBuildPhase section */

/* Begin PBXSourcesBuildPhase section */
		85D988521DF6F6C700CACE84 /* Sources */ = {
			isa = PBXSourcesBuildPhase;
			buildActionMask = 2147483647;
			files = (
				85D988AB1DFB66A800CACE84 /* UserTravelsCell.swift in Sources */,
				85A96DC71E033A6100595040 /* TipsCell.swift in Sources */,
				85D9889D1DF8CD2800CACE84 /* TravelItem.swift in Sources */,
				85A96DCB1E0420FC00595040 /* review.md in Sources */,
				85D9888A1DF73F9600CACE84 /* LoginViewController.swift in Sources */,
				85D9888F1DF74C0D00CACE84 /* TipsViewController.swift in Sources */,
				85D988911DF74E8A00CACE84 /* SpecificTravelViewController.swift in Sources */,
				85D988881DF7284000CACE84 /* MenuViewController.swift in Sources */,
				85D9885A1DF6F6CB00CACE84 /* AppDelegate.swift in Sources */,
				85D988991DF8CD0100CACE84 /* User.swift in Sources */,
				85A96DCD1E04335100595040 /* readme.md in Sources */,
				85D988AF1DFB70DC00CACE84 /* TravelsViewController.swift in Sources */,
				85A96DD11E04956A00595040 /* SpecificTipViewController.swift in Sources */,
			);
			runOnlyForDeploymentPostprocessing = 0;
		};
		85D988661DF6F6CC00CACE84 /* Sources */ = {
			isa = PBXSourcesBuildPhase;
			buildActionMask = 2147483647;
			files = (
				85D988AC1DFB66A800CACE84 /* UserTravelsCell.swift in Sources */,
				85D988B01DFB70DC00CACE84 /* TravelsViewController.swift in Sources */,
				85D9889A1DF8CD0100CACE84 /* User.swift in Sources */,
				85D9886F1DF6F6CC00CACE84 /* aynelgul_pset6Tests.swift in Sources */,
				85D9889E1DF8CD2800CACE84 /* TravelItem.swift in Sources */,
			);
			runOnlyForDeploymentPostprocessing = 0;
		};
		85D988711DF6F6CC00CACE84 /* Sources */ = {
			isa = PBXSourcesBuildPhase;
			buildActionMask = 2147483647;
			files = (
				85D988AD1DFB66A800CACE84 /* UserTravelsCell.swift in Sources */,
				85D988B11DFB70DC00CACE84 /* TravelsViewController.swift in Sources */,
				85D9889B1DF8CD0100CACE84 /* User.swift in Sources */,
				85D9887A1DF6F6CC00CACE84 /* aynelgul_pset6UITests.swift in Sources */,
				85D9889F1DF8CD2800CACE84 /* TravelItem.swift in Sources */,
			);
			runOnlyForDeploymentPostprocessing = 0;
		};
/* End PBXSourcesBuildPhase section */

/* Begin PBXTargetDependency section */
		85D9886C1DF6F6CC00CACE84 /* PBXTargetDependency */ = {
			isa = PBXTargetDependency;
			target = 85D988551DF6F6C700CACE84 /* aynelgul-pset6 */;
			targetProxy = 85D9886B1DF6F6CC00CACE84 /* PBXContainerItemProxy */;
		};
		85D988771DF6F6CC00CACE84 /* PBXTargetDependency */ = {
			isa = PBXTargetDependency;
			target = 85D988551DF6F6C700CACE84 /* aynelgul-pset6 */;
			targetProxy = 85D988761DF6F6CC00CACE84 /* PBXContainerItemProxy */;
		};
/* End PBXTargetDependency section */

/* Begin PBXVariantGroup section */
		85D9885D1DF6F6CB00CACE84 /* Main.storyboard */ = {
			isa = PBXVariantGroup;
			children = (
				85D9885E1DF6F6CB00CACE84 /* Base */,
			);
			name = Main.storyboard;
			sourceTree = "<group>";
		};
		85D988621DF6F6CC00CACE84 /* LaunchScreen.storyboard */ = {
			isa = PBXVariantGroup;
			children = (
				85D988631DF6F6CC00CACE84 /* Base */,
			);
			name = LaunchScreen.storyboard;
			sourceTree = "<group>";
		};
/* End PBXVariantGroup section */

/* Begin XCBuildConfiguration section */
		85D9887C1DF6F6CC00CACE84 /* Debug */ = {
			isa = XCBuildConfiguration;
			buildSettings = {
				ALWAYS_SEARCH_USER_PATHS = NO;
				CLANG_ANALYZER_NONNULL = YES;
				CLANG_CXX_LANGUAGE_STANDARD = "gnu++0x";
				CLANG_CXX_LIBRARY = "libc++";
				CLANG_ENABLE_MODULES = YES;
				CLANG_ENABLE_OBJC_ARC = YES;
				CLANG_WARN_BOOL_CONVERSION = YES;
				CLANG_WARN_CONSTANT_CONVERSION = YES;
				CLANG_WARN_DIRECT_OBJC_ISA_USAGE = YES_ERROR;
				CLANG_WARN_DOCUMENTATION_COMMENTS = YES;
				CLANG_WARN_EMPTY_BODY = YES;
				CLANG_WARN_ENUM_CONVERSION = YES;
				CLANG_WARN_INFINITE_RECURSION = YES;
				CLANG_WARN_INT_CONVERSION = YES;
				CLANG_WARN_OBJC_ROOT_CLASS = YES_ERROR;
				CLANG_WARN_SUSPICIOUS_MOVES = YES;
				CLANG_WARN_UNREACHABLE_CODE = YES;
				CLANG_WARN__DUPLICATE_METHOD_MATCH = YES;
				"CODE_SIGN_IDENTITY[sdk=iphoneos*]" = "iPhone Developer";
				COPY_PHASE_STRIP = NO;
				DEBUG_INFORMATION_FORMAT = dwarf;
				ENABLE_STRICT_OBJC_MSGSEND = YES;
				ENABLE_TESTABILITY = YES;
				GCC_C_LANGUAGE_STANDARD = gnu99;
				GCC_DYNAMIC_NO_PIC = NO;
				GCC_NO_COMMON_BLOCKS = YES;
				GCC_OPTIMIZATION_LEVEL = 0;
				GCC_PREPROCESSOR_DEFINITIONS = (
					"DEBUG=1",
					"$(inherited)",
				);
				GCC_WARN_64_TO_32_BIT_CONVERSION = YES;
				GCC_WARN_ABOUT_RETURN_TYPE = YES_ERROR;
				GCC_WARN_UNDECLARED_SELECTOR = YES;
				GCC_WARN_UNINITIALIZED_AUTOS = YES_AGGRESSIVE;
				GCC_WARN_UNUSED_FUNCTION = YES;
				GCC_WARN_UNUSED_VARIABLE = YES;
				IPHONEOS_DEPLOYMENT_TARGET = 10.1;
				MTL_ENABLE_DEBUG_INFO = YES;
				ONLY_ACTIVE_ARCH = YES;
				SDKROOT = iphoneos;
				SWIFT_ACTIVE_COMPILATION_CONDITIONS = DEBUG;
				SWIFT_OPTIMIZATION_LEVEL = "-Onone";
				TARGETED_DEVICE_FAMILY = "1,2";
			};
			name = Debug;
		};
		85D9887D1DF6F6CC00CACE84 /* Release */ = {
			isa = XCBuildConfiguration;
			buildSettings = {
				ALWAYS_SEARCH_USER_PATHS = NO;
				CLANG_ANALYZER_NONNULL = YES;
				CLANG_CXX_LANGUAGE_STANDARD = "gnu++0x";
				CLANG_CXX_LIBRARY = "libc++";
				CLANG_ENABLE_MODULES = YES;
				CLANG_ENABLE_OBJC_ARC = YES;
				CLANG_WARN_BOOL_CONVERSION = YES;
				CLANG_WARN_CONSTANT_CONVERSION = YES;
				CLANG_WARN_DIRECT_OBJC_ISA_USAGE = YES_ERROR;
				CLANG_WARN_DOCUMENTATION_COMMENTS = YES;
				CLANG_WARN_EMPTY_BODY = YES;
				CLANG_WARN_ENUM_CONVERSION = YES;
				CLANG_WARN_INFINITE_RECURSION = YES;
				CLANG_WARN_INT_CONVERSION = YES;
				CLANG_WARN_OBJC_ROOT_CLASS = YES_ERROR;
				CLANG_WARN_SUSPICIOUS_MOVES = YES;
				CLANG_WARN_UNREACHABLE_CODE = YES;
				CLANG_WARN__DUPLICATE_METHOD_MATCH = YES;
				"CODE_SIGN_IDENTITY[sdk=iphoneos*]" = "iPhone Developer";
				COPY_PHASE_STRIP = NO;
				DEBUG_INFORMATION_FORMAT = "dwarf-with-dsym";
				ENABLE_NS_ASSERTIONS = NO;
				ENABLE_STRICT_OBJC_MSGSEND = YES;
				GCC_C_LANGUAGE_STANDARD = gnu99;
				GCC_NO_COMMON_BLOCKS = YES;
				GCC_WARN_64_TO_32_BIT_CONVERSION = YES;
				GCC_WARN_ABOUT_RETURN_TYPE = YES_ERROR;
				GCC_WARN_UNDECLARED_SELECTOR = YES;
				GCC_WARN_UNINITIALIZED_AUTOS = YES_AGGRESSIVE;
				GCC_WARN_UNUSED_FUNCTION = YES;
				GCC_WARN_UNUSED_VARIABLE = YES;
				IPHONEOS_DEPLOYMENT_TARGET = 10.1;
				MTL_ENABLE_DEBUG_INFO = NO;
				SDKROOT = iphoneos;
				SWIFT_OPTIMIZATION_LEVEL = "-Owholemodule";
				TARGETED_DEVICE_FAMILY = "1,2";
				VALIDATE_PRODUCT = YES;
			};
			name = Release;
		};
		85D9887F1DF6F6CC00CACE84 /* Debug */ = {
			isa = XCBuildConfiguration;
			baseConfigurationReference = B966D79BC19F4D81C4538E63 /* Pods-aynelgul-pset6.debug.xcconfig */;
			buildSettings = {
				ASSETCATALOG_COMPILER_APPICON_NAME = AppIcon;
				CODE_SIGN_ENTITLEMENTS = "aynelgul-pset6/aynelgul-pset6.entitlements";
				DEVELOPMENT_TEAM = 372D866T32;
				INFOPLIST_FILE = "aynelgul-pset6/Info.plist";
				LD_RUNPATH_SEARCH_PATHS = "$(inherited) @executable_path/Frameworks";
				PRODUCT_BUNDLE_IDENTIFIER = "nl.mprog.aynelgul-pset6";
				PRODUCT_NAME = "$(TARGET_NAME)";
				SWIFT_VERSION = 3.0;
			};
			name = Debug;
		};
		85D988801DF6F6CC00CACE84 /* Release */ = {
			isa = XCBuildConfiguration;
			baseConfigurationReference = CF5D1AAD9A9B845D3ED173CE /* Pods-aynelgul-pset6.release.xcconfig */;
			buildSettings = {
				ASSETCATALOG_COMPILER_APPICON_NAME = AppIcon;
				CODE_SIGN_ENTITLEMENTS = "aynelgul-pset6/aynelgul-pset6.entitlements";
				DEVELOPMENT_TEAM = 372D866T32;
				INFOPLIST_FILE = "aynelgul-pset6/Info.plist";
				LD_RUNPATH_SEARCH_PATHS = "$(inherited) @executable_path/Frameworks";
				PRODUCT_BUNDLE_IDENTIFIER = "nl.mprog.aynelgul-pset6";
				PRODUCT_NAME = "$(TARGET_NAME)";
				SWIFT_VERSION = 3.0;
			};
			name = Release;
		};
		85D988821DF6F6CC00CACE84 /* Debug */ = {
			isa = XCBuildConfiguration;
			baseConfigurationReference = 66E3D6C8EF7B8B43AF0508FC /* Pods-aynelgul-pset6Tests.debug.xcconfig */;
			buildSettings = {
				ALWAYS_EMBED_SWIFT_STANDARD_LIBRARIES = YES;
				BUNDLE_LOADER = "$(TEST_HOST)";
				DEVELOPMENT_TEAM = 372D866T32;
				INFOPLIST_FILE = "aynelgul-pset6Tests/Info.plist";
				LD_RUNPATH_SEARCH_PATHS = "$(inherited) @executable_path/Frameworks @loader_path/Frameworks";
				PRODUCT_BUNDLE_IDENTIFIER = "nl.mprog.aynelgul-pset6Tests";
				PRODUCT_NAME = "$(TARGET_NAME)";
				SWIFT_VERSION = 3.0;
				TEST_HOST = "$(BUILT_PRODUCTS_DIR)/aynelgul-pset6.app/aynelgul-pset6";
			};
			name = Debug;
		};
		85D988831DF6F6CC00CACE84 /* Release */ = {
			isa = XCBuildConfiguration;
			baseConfigurationReference = 0D4E5BE25967C8A08B1AB3E5 /* Pods-aynelgul-pset6Tests.release.xcconfig */;
			buildSettings = {
				ALWAYS_EMBED_SWIFT_STANDARD_LIBRARIES = YES;
				BUNDLE_LOADER = "$(TEST_HOST)";
				DEVELOPMENT_TEAM = 372D866T32;
				INFOPLIST_FILE = "aynelgul-pset6Tests/Info.plist";
				LD_RUNPATH_SEARCH_PATHS = "$(inherited) @executable_path/Frameworks @loader_path/Frameworks";
				PRODUCT_BUNDLE_IDENTIFIER = "nl.mprog.aynelgul-pset6Tests";
				PRODUCT_NAME = "$(TARGET_NAME)";
				SWIFT_VERSION = 3.0;
				TEST_HOST = "$(BUILT_PRODUCTS_DIR)/aynelgul-pset6.app/aynelgul-pset6";
			};
			name = Release;
		};
		85D988851DF6F6CC00CACE84 /* Debug */ = {
			isa = XCBuildConfiguration;
			baseConfigurationReference = AC5A69F0F3FC24F809D46CD8 /* Pods-aynelgul-pset6UITests.debug.xcconfig */;
			buildSettings = {
				ALWAYS_EMBED_SWIFT_STANDARD_LIBRARIES = YES;
				DEVELOPMENT_TEAM = 372D866T32;
				INFOPLIST_FILE = "aynelgul-pset6UITests/Info.plist";
				LD_RUNPATH_SEARCH_PATHS = "$(inherited) @executable_path/Frameworks @loader_path/Frameworks";
				PRODUCT_BUNDLE_IDENTIFIER = "nl.mprog.aynelgul-pset6UITests";
				PRODUCT_NAME = "$(TARGET_NAME)";
				SWIFT_VERSION = 3.0;
				TEST_TARGET_NAME = "aynelgul-pset6";
			};
			name = Debug;
		};
		85D988861DF6F6CC00CACE84 /* Release */ = {
			isa = XCBuildConfiguration;
			baseConfigurationReference = 6F83C205BE4C5CD985C55B19 /* Pods-aynelgul-pset6UITests.release.xcconfig */;
			buildSettings = {
				ALWAYS_EMBED_SWIFT_STANDARD_LIBRARIES = YES;
				DEVELOPMENT_TEAM = 372D866T32;
				INFOPLIST_FILE = "aynelgul-pset6UITests/Info.plist";
				LD_RUNPATH_SEARCH_PATHS = "$(inherited) @executable_path/Frameworks @loader_path/Frameworks";
				PRODUCT_BUNDLE_IDENTIFIER = "nl.mprog.aynelgul-pset6UITests";
				PRODUCT_NAME = "$(TARGET_NAME)";
				SWIFT_VERSION = 3.0;
				TEST_TARGET_NAME = "aynelgul-pset6";
			};
			name = Release;
		};
/* End XCBuildConfiguration section */

/* Begin XCConfigurationList section */
		85D988511DF6F6C600CACE84 /* Build configuration list for PBXProject "aynelgul-pset6" */ = {
			isa = XCConfigurationList;
			buildConfigurations = (
				85D9887C1DF6F6CC00CACE84 /* Debug */,
				85D9887D1DF6F6CC00CACE84 /* Release */,
			);
			defaultConfigurationIsVisible = 0;
			defaultConfigurationName = Release;
		};
		85D9887E1DF6F6CC00CACE84 /* Build configuration list for PBXNativeTarget "aynelgul-pset6" */ = {
			isa = XCConfigurationList;
			buildConfigurations = (
				85D9887F1DF6F6CC00CACE84 /* Debug */,
				85D988801DF6F6CC00CACE84 /* Release */,
			);
			defaultConfigurationIsVisible = 0;
			defaultConfigurationName = Release;
		};
		85D988811DF6F6CC00CACE84 /* Build configuration list for PBXNativeTarget "aynelgul-pset6Tests" */ = {
			isa = XCConfigurationList;
			buildConfigurations = (
				85D988821DF6F6CC00CACE84 /* Debug */,
				85D988831DF6F6CC00CACE84 /* Release */,
			);
			defaultConfigurationIsVisible = 0;
			defaultConfigurationName = Release;
		};
		85D988841DF6F6CC00CACE84 /* Build configuration list for PBXNativeTarget "aynelgul-pset6UITests" */ = {
			isa = XCConfigurationList;
			buildConfigurations = (
				85D988851DF6F6CC00CACE84 /* Debug */,
				85D988861DF6F6CC00CACE84 /* Release */,
			);
			defaultConfigurationIsVisible = 0;
			defaultConfigurationName = Release;
		};
/* End XCConfigurationList section */
	};
	rootObject = 85D9884E1DF6F6C600CACE84 /* Project object */;
}
